// !$*UTF8*$!
{
	archiveVersion = 1;
	classes = {
	};
	objectVersion = 46;
	objects = {

/* Begin PBXBuildFile section */
		AE6056FC1C1B5B440028C516 /* AppDelegate.swift in Sources */ = {isa = PBXBuildFile; fileRef = AE6056FB1C1B5B440028C516 /* AppDelegate.swift */; };
		AE6056FE1C1B5B440028C516 /* ViewController.swift in Sources */ = {isa = PBXBuildFile; fileRef = AE6056FD1C1B5B440028C516 /* ViewController.swift */; };
		AE6057011C1B5B440028C516 /* Main.storyboard in Resources */ = {isa = PBXBuildFile; fileRef = AE6056FF1C1B5B440028C516 /* Main.storyboard */; };
		AE6057031C1B5B440028C516 /* Assets.xcassets in Resources */ = {isa = PBXBuildFile; fileRef = AE6057021C1B5B440028C516 /* Assets.xcassets */; };
		AE6057061C1B5B440028C516 /* LaunchScreen.storyboard in Resources */ = {isa = PBXBuildFile; fileRef = AE6057041C1B5B440028C516 /* LaunchScreen.storyboard */; };
		AE6057111C1B5B440028C516 /* mqttTests.swift in Sources */ = {isa = PBXBuildFile; fileRef = AE6057101C1B5B440028C516 /* mqttTests.swift */; };
		AE60571C1C1B5B440028C516 /* mqttUITests.swift in Sources */ = {isa = PBXBuildFile; fileRef = AE60571B1C1B5B440028C516 /* mqttUITests.swift */; };
/* End PBXBuildFile section */

/* Begin PBXContainerItemProxy section */
		AE60570D1C1B5B440028C516 /* PBXContainerItemProxy */ = {
			isa = PBXContainerItemProxy;
			containerPortal = AE6056F01C1B5B440028C516 /* Project object */;
			proxyType = 1;
			remoteGlobalIDString = AE6056F71C1B5B440028C516;
			remoteInfo = mqtt;
		};
		AE6057181C1B5B440028C516 /* PBXContainerItemProxy */ = {
			isa = PBXContainerItemProxy;
			containerPortal = AE6056F01C1B5B440028C516 /* Project object */;
			proxyType = 1;
			remoteGlobalIDString = AE6056F71C1B5B440028C516;
			remoteInfo = mqtt;
		};
/* End PBXContainerItemProxy section */

/* Begin PBXFileReference section */
		AE6056F81C1B5B440028C516 /* mqtt.app */ = {isa = PBXFileReference; explicitFileType = wrapper.application; includeInIndex = 0; path = mqtt.app; sourceTree = BUILT_PRODUCTS_DIR; };
		AE6056FB1C1B5B440028C516 /* AppDelegate.swift */ = {isa = PBXFileReference; lastKnownFileType = sourcecode.swift; path = AppDelegate.swift; sourceTree = "<group>"; };
		AE6056FD1C1B5B440028C516 /* ViewController.swift */ = {isa = PBXFileReference; lastKnownFileType = sourcecode.swift; path = ViewController.swift; sourceTree = "<group>"; };
		AE6057001C1B5B440028C516 /* Base */ = {isa = PBXFileReference; lastKnownFileType = file.storyboard; name = Base; path = Base.lproj/Main.storyboard; sourceTree = "<group>"; };
		AE6057021C1B5B440028C516 /* Assets.xcassets */ = {isa = PBXFileReference; lastKnownFileType = folder.assetcatalog; path = Assets.xcassets; sourceTree = "<group>"; };
		AE6057051C1B5B440028C516 /* Base */ = {isa = PBXFileReference; lastKnownFileType = file.storyboard; name = Base; path = Base.lproj/LaunchScreen.storyboard; sourceTree = "<group>"; };
		AE6057071C1B5B440028C516 /* Info.plist */ = {isa = PBXFileReference; lastKnownFileType = text.plist.xml; path = Info.plist; sourceTree = "<group>"; };
		AE60570C1C1B5B440028C516 /* mqttTests.xctest */ = {isa = PBXFileReference; explicitFileType = wrapper.cfbundle; includeInIndex = 0; path = mqttTests.xctest; sourceTree = BUILT_PRODUCTS_DIR; };
		AE6057101C1B5B440028C516 /* mqttTests.swift */ = {isa = PBXFileReference; lastKnownFileType = sourcecode.swift; path = mqttTests.swift; sourceTree = "<group>"; };
		AE6057121C1B5B440028C516 /* Info.plist */ = {isa = PBXFileReference; lastKnownFileType = text.plist.xml; path = Info.plist; sourceTree = "<group>"; };
		AE6057171C1B5B440028C516 /* mqttUITests.xctest */ = {isa = PBXFileReference; explicitFileType = wrapper.cfbundle; includeInIndex = 0; path = mqttUITests.xctest; sourceTree = BUILT_PRODUCTS_DIR; };
		AE60571B1C1B5B440028C516 /* mqttUITests.swift */ = {isa = PBXFileReference; lastKnownFileType = sourcecode.swift; path = mqttUITests.swift; sourceTree = "<group>"; };
		AE60571D1C1B5B440028C516 /* Info.plist */ = {isa = PBXFileReference; lastKnownFileType = text.plist.xml; path = Info.plist; sourceTree = "<group>"; };
/* End PBXFileReference section */

/* Begin PBXFrameworksBuildPhase section */
		AE6056F51C1B5B440028C516 /* Frameworks */ = {
			isa = PBXFrameworksBuildPhase;
			buildActionMask = 2147483647;
			files = (
			);
			runOnlyForDeploymentPostprocessing = 0;
		};
		AE6057091C1B5B440028C516 /* Frameworks */ = {
			isa = PBXFrameworksBuildPhase;
			buildActionMask = 2147483647;
			files = (
			);
			runOnlyForDeploymentPostprocessing = 0;
		};
		AE6057141C1B5B440028C516 /* Frameworks */ = {
			isa = PBXFrameworksBuildPhase;
			buildActionMask = 2147483647;
			files = (
			);
			runOnlyForDeploymentPostprocessing = 0;
		};
/* End PBXFrameworksBuildPhase section */

/* Begin PBXGroup section */
		AE6056EF1C1B5B440028C516 = {
			isa = PBXGroup;
			children = (
				AE6056FA1C1B5B440028C516 /* mqtt */,
				AE60570F1C1B5B440028C516 /* mqttTests */,
				AE60571A1C1B5B440028C516 /* mqttUITests */,
				AE6056F91C1B5B440028C516 /* Products */,
			);
			sourceTree = "<group>";
		};
		AE6056F91C1B5B440028C516 /* Products */ = {
			isa = PBXGroup;
			children = (
				AE6056F81C1B5B440028C516 /* mqtt.app */,
				AE60570C1C1B5B440028C516 /* mqttTests.xctest */,
				AE6057171C1B5B440028C516 /* mqttUITests.xctest */,
			);
			name = Products;
			sourceTree = "<group>";
		};
		AE6056FA1C1B5B440028C516 /* mqtt */ = {
			isa = PBXGroup;
			children = (
				AE6056FB1C1B5B440028C516 /* AppDelegate.swift */,
				AE6056FD1C1B5B440028C516 /* ViewController.swift */,
				AE6056FF1C1B5B440028C516 /* Main.storyboard */,
				AE6057021C1B5B440028C516 /* Assets.xcassets */,
				AE6057041C1B5B440028C516 /* LaunchScreen.storyboard */,
				AE6057071C1B5B440028C516 /* Info.plist */,
			);
			path = mqtt;
			sourceTree = "<group>";
		};
		AE60570F1C1B5B440028C516 /* mqttTests */ = {
			isa = PBXGroup;
			children = (
				AE6057101C1B5B440028C516 /* mqttTests.swift */,
				AE6057121C1B5B440028C516 /* Info.plist */,
			);
			path = mqttTests;
			sourceTree = "<group>";
		};
		AE60571A1C1B5B440028C516 /* mqttUITests */ = {
			isa = PBXGroup;
			children = (
				AE60571B1C1B5B440028C516 /* mqttUITests.swift */,
				AE60571D1C1B5B440028C516 /* Info.plist */,
			);
			path = mqttUITests;
			sourceTree = "<group>";
		};
/* End PBXGroup section */

/* Begin PBXNativeTarget section */
		AE6056F71C1B5B440028C516 /* mqtt */ = {
			isa = PBXNativeTarget;
			buildConfigurationList = AE6057201C1B5B440028C516 /* Build configuration list for PBXNativeTarget "mqtt" */;
			buildPhases = (
				AE6056F41C1B5B440028C516 /* Sources */,
				AE6056F51C1B5B440028C516 /* Frameworks */,
				AE6056F61C1B5B440028C516 /* Resources */,
			);
			buildRules = (
			);
			dependencies = (
			);
			name = mqtt;
			productName = mqtt;
			productReference = AE6056F81C1B5B440028C516 /* mqtt.app */;
			productType = "com.apple.product-type.application";
		};
		AE60570B1C1B5B440028C516 /* mqttTests */ = {
			isa = PBXNativeTarget;
			buildConfigurationList = AE6057231C1B5B440028C516 /* Build configuration list for PBXNativeTarget "mqttTests" */;
			buildPhases = (
				AE6057081C1B5B440028C516 /* Sources */,
				AE6057091C1B5B440028C516 /* Frameworks */,
				AE60570A1C1B5B440028C516 /* Resources */,
			);
			buildRules = (
			);
			dependencies = (
				AE60570E1C1B5B440028C516 /* PBXTargetDependency */,
			);
			name = mqttTests;
			productName = mqttTests;
			productReference = AE60570C1C1B5B440028C516 /* mqttTests.xctest */;
			productType = "com.apple.product-type.bundle.unit-test";
		};
		AE6057161C1B5B440028C516 /* mqttUITests */ = {
			isa = PBXNativeTarget;
			buildConfigurationList = AE6057261C1B5B440028C516 /* Build configuration list for PBXNativeTarget "mqttUITests" */;
			buildPhases = (
				AE6057131C1B5B440028C516 /* Sources */,
				AE6057141C1B5B440028C516 /* Frameworks */,
				AE6057151C1B5B440028C516 /* Resources */,
			);
			buildRules = (
			);
			dependencies = (
				AE6057191C1B5B440028C516 /* PBXTargetDependency */,
			);
			name = mqttUITests;
			productName = mqttUITests;
			productReference = AE6057171C1B5B440028C516 /* mqttUITests.xctest */;
			productType = "com.apple.product-type.bundle.ui-testing";
		};
/* End PBXNativeTarget section */

/* Begin PBXProject section */
		AE6056F01C1B5B440028C516 /* Project object */ = {
			isa = PBXProject;
			attributes = {
				LastSwiftUpdateCheck = 0710;
				LastUpgradeCheck = 0710;
				ORGANIZATIONNAME = "E. Kevin Hall";
				TargetAttributes = {
					AE6056F71C1B5B440028C516 = {
						CreatedOnToolsVersion = 7.1.1;
					};
					AE60570B1C1B5B440028C516 = {
						CreatedOnToolsVersion = 7.1.1;
						TestTargetID = AE6056F71C1B5B440028C516;
					};
					AE6057161C1B5B440028C516 = {
						CreatedOnToolsVersion = 7.1.1;
						TestTargetID = AE6056F71C1B5B440028C516;
					};
				};
			};
			buildConfigurationList = AE6056F31C1B5B440028C516 /* Build configuration list for PBXProject "mqtt" */;
			compatibilityVersion = "Xcode 3.2";
			developmentRegion = English;
			hasScannedForEncodings = 0;
			knownRegions = (
				en,
				Base,
			);
			mainGroup = AE6056EF1C1B5B440028C516;
			productRefGroup = AE6056F91C1B5B440028C516 /* Products */;
			projectDirPath = "";
			projectRoot = "";
			targets = (
				AE6056F71C1B5B440028C516 /* mqtt */,
				AE60570B1C1B5B440028C516 /* mqttTests */,
				AE6057161C1B5B440028C516 /* mqttUITests */,
			);
		};
/* End PBXProject section */

/* Begin PBXResourcesBuildPhase section */
		AE6056F61C1B5B440028C516 /* Resources */ = {
			isa = PBXResourcesBuildPhase;
			buildActionMask = 2147483647;
			files = (
				AE6057061C1B5B440028C516 /* LaunchScreen.storyboard in Resources */,
				AE6057031C1B5B440028C516 /* Assets.xcassets in Resources */,
				AE6057011C1B5B440028C516 /* Main.storyboard in Resources */,
			);
			runOnlyForDeploymentPostprocessing = 0;
		};
		AE60570A1C1B5B440028C516 /* Resources */ = {
			isa = PBXResourcesBuildPhase;
			buildActionMask = 2147483647;
			files = (
			);
			runOnlyForDeploymentPostprocessing = 0;
		};
		AE6057151C1B5B440028C516 /* Resources */ = {
			isa = PBXResourcesBuildPhase;
			buildActionMask = 2147483647;
			files = (
			);
			runOnlyForDeploymentPostprocessing = 0;
		};
/* End PBXResourcesBuildPhase section */

/* Begin PBXSourcesBuildPhase section */
		AE6056F41C1B5B440028C516 /* Sources */ = {
			isa = PBXSourcesBuildPhase;
			buildActionMask = 2147483647;
			files = (
				AE6056FE1C1B5B440028C516 /* ViewController.swift in Sources */,
				AE6056FC1C1B5B440028C516 /* AppDelegate.swift in Sources */,
			);
			runOnlyForDeploymentPostprocessing = 0;
		};
		AE6057081C1B5B440028C516 /* Sources */ = {
			isa = PBXSourcesBuildPhase;
			buildActionMask = 2147483647;
			files = (
				AE6057111C1B5B440028C516 /* mqttTests.swift in Sources */,
			);
			runOnlyForDeploymentPostprocessing = 0;
		};
		AE6057131C1B5B440028C516 /* Sources */ = {
			isa = PBXSourcesBuildPhase;
			buildActionMask = 2147483647;
			files = (
				AE60571C1C1B5B440028C516 /* mqttUITests.swift in Sources */,
			);
			runOnlyForDeploymentPostprocessing = 0;
		};
/* End PBXSourcesBuildPhase section */

/* Begin PBXTargetDependency section */
		AE60570E1C1B5B440028C516 /* PBXTargetDependency */ = {
			isa = PBXTargetDependency;
			target = AE6056F71C1B5B440028C516 /* mqtt */;
			targetProxy = AE60570D1C1B5B440028C516 /* PBXContainerItemProxy */;
		};
		AE6057191C1B5B440028C516 /* PBXTargetDependency */ = {
			isa = PBXTargetDependency;
			target = AE6056F71C1B5B440028C516 /* mqtt */;
			targetProxy = AE6057181C1B5B440028C516 /* PBXContainerItemProxy */;
		};
/* End PBXTargetDependency section */

/* Begin PBXVariantGroup section */
		AE6056FF1C1B5B440028C516 /* Main.storyboard */ = {
			isa = PBXVariantGroup;
			children = (
				AE6057001C1B5B440028C516 /* Base */,
			);
			name = Main.storyboard;
			sourceTree = "<group>";
		};
		AE6057041C1B5B440028C516 /* LaunchScreen.storyboard */ = {
			isa = PBXVariantGroup;
			children = (
				AE6057051C1B5B440028C516 /* Base */,
			);
			name = LaunchScreen.storyboard;
			sourceTree = "<group>";
		};
/* End PBXVariantGroup section */

/* Begin XCBuildConfiguration section */
		AE60571E1C1B5B440028C516 /* Debug */ = {
			isa = XCBuildConfiguration;
			buildSettings = {
				ALWAYS_SEARCH_USER_PATHS = NO;
				CLANG_CXX_LANGUAGE_STANDARD = "gnu++0x";
				CLANG_CXX_LIBRARY = "libc++";
				CLANG_ENABLE_MODULES = YES;
				CLANG_ENABLE_OBJC_ARC = YES;
				CLANG_WARN_BOOL_CONVERSION = YES;
				CLANG_WARN_CONSTANT_CONVERSION = YES;
				CLANG_WARN_DIRECT_OBJC_ISA_USAGE = YES_ERROR;
				CLANG_WARN_EMPTY_BODY = YES;
				CLANG_WARN_ENUM_CONVERSION = YES;
				CLANG_WARN_INT_CONVERSION = YES;
				CLANG_WARN_OBJC_ROOT_CLASS = YES_ERROR;
				CLANG_WARN_UNREACHABLE_CODE = YES;
				CLANG_WARN__DUPLICATE_METHOD_MATCH = YES;
				"CODE_SIGN_IDENTITY[sdk=iphoneos*]" = "iPhone Developer";
				COPY_PHASE_STRIP = NO;
				DEBUG_INFORMATION_FORMAT = dwarf;
				ENABLE_STRICT_OBJC_MSGSEND = YES;
				ENABLE_TESTABILITY = YES;
				GCC_C_LANGUAGE_STANDARD = gnu99;
				GCC_DYNAMIC_NO_PIC = NO;
				GCC_NO_COMMON_BLOCKS = YES;
				GCC_OPTIMIZATION_LEVEL = 0;
				GCC_PREPROCESSOR_DEFINITIONS = (
					"DEBUG=1",
					"$(inherited)",
				);
				GCC_WARN_64_TO_32_BIT_CONVERSION = YES;
				GCC_WARN_ABOUT_RETURN_TYPE = YES_ERROR;
				GCC_WARN_UNDECLARED_SELECTOR = YES;
				GCC_WARN_UNINITIALIZED_AUTOS = YES_AGGRESSIVE;
				GCC_WARN_UNUSED_FUNCTION = YES;
				GCC_WARN_UNUSED_VARIABLE = YES;
				IPHONEOS_DEPLOYMENT_TARGET = 9.1;
				MTL_ENABLE_DEBUG_INFO = YES;
				ONLY_ACTIVE_ARCH = YES;
				SDKROOT = iphoneos;
				SWIFT_OPTIMIZATION_LEVEL = "-Onone";
			};
			name = Debug;
		};
		AE60571F1C1B5B440028C516 /* Release */ = {
			isa = XCBuildConfiguration;
			buildSettings = {
				ALWAYS_SEARCH_USER_PATHS = NO;
				CLANG_CXX_LANGUAGE_STANDARD = "gnu++0x";
				CLANG_CXX_LIBRARY = "libc++";
				CLANG_ENABLE_MODULES = YES;
				CLANG_ENABLE_OBJC_ARC = YES;
				CLANG_WARN_BOOL_CONVERSION = YES;
				CLANG_WARN_CONSTANT_CONVERSION = YES;
				CLANG_WARN_DIRECT_OBJC_ISA_USAGE = YES_ERROR;
				CLANG_WARN_EMPTY_BODY = YES;
				CLANG_WARN_ENUM_CONVERSION = YES;
				CLANG_WARN_INT_CONVERSION = YES;
				CLANG_WARN_OBJC_ROOT_CLASS = YES_ERROR;
				CLANG_WARN_UNREACHABLE_CODE = YES;
				CLANG_WARN__DUPLICATE_METHOD_MATCH = YES;
				"CODE_SIGN_IDENTITY[sdk=iphoneos*]" = "iPhone Developer";
				COPY_PHASE_STRIP = NO;
				DEBUG_INFORMATION_FORMAT = "dwarf-with-dsym";
				ENABLE_NS_ASSERTIONS = NO;
				ENABLE_STRICT_OBJC_MSGSEND = YES;
				GCC_C_LANGUAGE_STANDARD = gnu99;
				GCC_NO_COMMON_BLOCKS = YES;
				GCC_WARN_64_TO_32_BIT_CONVERSION = YES;
				GCC_WARN_ABOUT_RETURN_TYPE = YES_ERROR;
				GCC_WARN_UNDECLARED_SELECTOR = YES;
				GCC_WARN_UNINITIALIZED_AUTOS = YES_AGGRESSIVE;
				GCC_WARN_UNUSED_FUNCTION = YES;
				GCC_WARN_UNUSED_VARIABLE = YES;
				IPHONEOS_DEPLOYMENT_TARGET = 9.1;
				MTL_ENABLE_DEBUG_INFO = NO;
				SDKROOT = iphoneos;
				VALIDATE_PRODUCT = YES;
			};
			name = Release;
		};
		AE6057211C1B5B440028C516 /* Debug */ = {
			isa = XCBuildConfiguration;
			buildSettings = {
				ASSETCATALOG_COMPILER_APPICON_NAME = AppIcon;
				INFOPLIST_FILE = mqtt/Info.plist;
				LD_RUNPATH_SEARCH_PATHS = "$(inherited) @executable_path/Frameworks";
				PRODUCT_BUNDLE_IDENTIFIER = com.ekhall.mqtt;
				PRODUCT_NAME = "$(TARGET_NAME)";
			};
			name = Debug;
		};
		AE6057221C1B5B440028C516 /* Release */ = {
			isa = XCBuildConfiguration;
			buildSettings = {
				ASSETCATALOG_COMPILER_APPICON_NAME = AppIcon;
				INFOPLIST_FILE = mqtt/Info.plist;
				LD_RUNPATH_SEARCH_PATHS = "$(inherited) @executable_path/Frameworks";
				PRODUCT_BUNDLE_IDENTIFIER = com.ekhall.mqtt;
				PRODUCT_NAME = "$(TARGET_NAME)";
			};
			name = Release;
		};
		AE6057241C1B5B440028C516 /* Debug */ = {
			isa = XCBuildConfiguration;
			buildSettings = {
				BUNDLE_LOADER = "$(TEST_HOST)";
				INFOPLIST_FILE = mqttTests/Info.plist;
				LD_RUNPATH_SEARCH_PATHS = "$(inherited) @executable_path/Frameworks @loader_path/Frameworks";
				PRODUCT_BUNDLE_IDENTIFIER = com.ekhall.mqttTests;
				PRODUCT_NAME = "$(TARGET_NAME)";
				TEST_HOST = "$(BUILT_PRODUCTS_DIR)/mqtt.app/mqtt";
			};
			name = Debug;
		};
		AE6057251C1B5B440028C516 /* Release */ = {
			isa = XCBuildConfiguration;
			buildSettings = {
				BUNDLE_LOADER = "$(TEST_HOST)";
				INFOPLIST_FILE = mqttTests/Info.plist;
				LD_RUNPATH_SEARCH_PATHS = "$(inherited) @executable_path/Frameworks @loader_path/Frameworks";
				PRODUCT_BUNDLE_IDENTIFIER = com.ekhall.mqttTests;
				PRODUCT_NAME = "$(TARGET_NAME)";
				TEST_HOST = "$(BUILT_PRODUCTS_DIR)/mqtt.app/mqtt";
			};
			name = Release;
		};
		AE6057271C1B5B440028C516 /* Debug */ = {
			isa = XCBuildConfiguration;
			buildSettings = {
				INFOPLIST_FILE = mqttUITests/Info.plist;
				LD_RUNPATH_SEARCH_PATHS = "$(inherited) @executable_path/Frameworks @loader_path/Frameworks";
				PRODUCT_BUNDLE_IDENTIFIER = com.ekhall.mqttUITests;
				PRODUCT_NAME = "$(TARGET_NAME)";
				TEST_TARGET_NAME = mqtt;
				USES_XCTRUNNER = YES;
			};
			name = Debug;
		};
		AE6057281C1B5B440028C516 /* Release */ = {
			isa = XCBuildConfiguration;
			buildSettings = {
				INFOPLIST_FILE = mqttUITests/Info.plist;
				LD_RUNPATH_SEARCH_PATHS = "$(inherited) @executable_path/Frameworks @loader_path/Frameworks";
				PRODUCT_BUNDLE_IDENTIFIER = com.ekhall.mqttUITests;
				PRODUCT_NAME = "$(TARGET_NAME)";
				TEST_TARGET_NAME = mqtt;
				USES_XCTRUNNER = YES;
			};
			name = Release;
		};
/* End XCBuildConfiguration section */

/* Begin XCConfigurationList section */
		AE6056F31C1B5B440028C516 /* Build configuration list for PBXProject "mqtt" */ = {
			isa = XCConfigurationList;
			buildConfigurations = (
				AE60571E1C1B5B440028C516 /* Debug */,
				AE60571F1C1B5B440028C516 /* Release */,
			);
			defaultConfigurationIsVisible = 0;
			defaultConfigurationName = Release;
		};
		AE6057201C1B5B440028C516 /* Build configuration list for PBXNativeTarget "mqtt" */ = {
			isa = XCConfigurationList;
			buildConfigurations = (
				AE6057211C1B5B440028C516 /* Debug */,
				AE6057221C1B5B440028C516 /* Release */,
			);
			defaultConfigurationIsVisible = 0;
		};
		AE6057231C1B5B440028C516 /* Build configuration list for PBXNativeTarget "mqttTests" */ = {
			isa = XCConfigurationList;
			buildConfigurations = (
				AE6057241C1B5B440028C516 /* Debug */,
				AE6057251C1B5B440028C516 /* Release */,
			);
			defaultConfigurationIsVisible = 0;
		};
		AE6057261C1B5B440028C516 /* Build configuration list for PBXNativeTarget "mqttUITests" */ = {
			isa = XCConfigurationList;
			buildConfigurations = (
				AE6057271C1B5B440028C516 /* Debug */,
				AE6057281C1B5B440028C516 /* Release */,
			);
			defaultConfigurationIsVisible = 0;
		};
/* End XCConfigurationList section */
	};
	rootObject = AE6056F01C1B5B440028C516 /* Project object */;
}
